# THIS IS AN AUTOGENERATED FILE. DO NOT EDIT THIS FILE DIRECTLY.
# yarn lockfile v1


"@angular/router@^13.2.1":
  version "13.2.1"
  resolved "https://registry.yarnpkg.com/@angular/router/-/router-13.2.1.tgz#d0cbe8d1068330cf75d4602267d52579a708e47f"
  integrity sha512-+UkzW1ODV8GgL2ft6eMmJKYl4rqw6iwh3y5IEenF52X8zmnjjR0/ts/86FmaCfnpaE5S6hwnsopin9LBYVbVTQ==
  dependencies:
    tslib "^2.3.0"

"@ngxs-labs/dispatch-decorator@^3.1.0":
  version "3.1.0"
  resolved "https://registry.yarnpkg.com/@ngxs-labs/dispatch-decorator/-/dispatch-decorator-3.1.0.tgz#9c3f5e26fe747bb21802c5fbbf21b9b7a4e54d32"
  integrity sha512-SmVtWDZn+tveQdjh+ngNBdn6OeRcP9XNcJCiopqcXRafBZMYM/uJdXff43IyTi4rew8WJugHIQBTJSBi+6ILdw==
  dependencies:
    tslib "^2.1.0"

"@ngxs-labs/select-snapshot@^3.0.0":
  version "3.0.0"
  resolved "https://registry.yarnpkg.com/@ngxs-labs/select-snapshot/-/select-snapshot-3.0.0.tgz#bfab5564231c6d1e4c9291cb4dbf032665938403"
  integrity sha512-43lTllV1Y/iFMSuorEJUpYNjIJfzDHRztnbcQV+9Tg28OXySnXetR4PzUwLX1B+pnEmaPG7XUpH8pNNjufqZIg==
  dependencies:
    tslib "^2.0.0"

"@ngxs/router-plugin@^3.7.3":
  version "3.7.3"
  resolved "https://registry.yarnpkg.com/@ngxs/router-plugin/-/router-plugin-3.7.3.tgz#76a4a275a9758a2a0124603087143bd75fffebd2"
  integrity sha512-KeerQ1h3We3kKENQboJVID/39eKbhfAxZ9JBUcl9WVHjQoOShOdocNQ/34neReJEzW5VTToM7MQt0tDmN48Eig==
  dependencies:
    tslib "^1.9.0"

"@ngxs/store@^3.7.3":
  version "3.7.3"
  resolved "https://registry.yarnpkg.com/@ngxs/store/-/store-3.7.3.tgz#74e2878d527fc12dace343ce43fd79fa1a2645af"
  integrity sha512-JjATXC7FsxxQu2SaayP/iLe4O+5/RkRov3/J7WkaQmV6/JWFNkkdOwbEa6pDbh/po0JO7DHHMk3huIUNpDu67g==
  dependencies:
    tslib "^1.9.0"

tslib@^1.9.0:
  version "1.14.1"
  resolved "https://registry.yarnpkg.com/tslib/-/tslib-1.14.1.tgz#cf2d38bdc34a134bcaf1091c41f6619e2f672d00"
  integrity sha512-Xni35NKzjgMrwevysHTCArtLDpPvye8zV/0E4EyYn43P7/7qvQwPh9BGkHewbMulVntbigmcT7rdX3BNo9wRJg==

tslib@^2.0.0, tslib@^2.1.0, tslib@^2.3.0:
  version "2.3.1"
  resolved "https://registry.yarnpkg.com/tslib/-/tslib-2.3.1.tgz#e8a335add5ceae51aa261d32a490158ef042ef01"
  integrity sha512-77EbyPPpMz+FRFRuAFlWMtmgUWGe9UOG2Z25NqCwiIjRhOf5iKGuzSe5P2w1laq+FkRy4p+PCuVkJSGkzTEKVw==
